{
  "name": "cafe-philo-vercel",
  "version": "1.0.0",
  "lockfileVersion": 3,
  "requires": true,
  "packages": {
    "": {
      "name": "cafe-philo-vercel",
      "version": "1.0.0",
      "license": "ISC",
      "devDependencies": {
        "@tsconfig/node22": "^22.0.4"
      }
    },
    "node_modules/@tsconfig/node22": {
      "version": "22.0.4",
      "resolved": "https://registry.npmjs.org/@tsconfig/node22/-/node22-22.0.4.tgz",
      "integrity": "sha512-GI0gtqW+8Bz9UMOsOO1z3w1ebspOkVjSyeJ18r96LW82OOZenpzWXti/+f/MgPy1hqXTIRXn8QpGIOYHgKkTnQ==",
      "dev": true,
      "license": "MIT"
    }
  }
}
